// !$*UTF8*$!
{
	archiveVersion = 1;
	classes = {
	};
	objectVersion = 77;
	objects = {

/* Begin PBXContainerItemProxy section */
		935D7E842D37928D00F932C0 /* PBXContainerItemProxy */ = {
			isa = PBXContainerItemProxy;
			containerPortal = 935D7E6B2D37928C00F932C0 /* Project object */;
			proxyType = 1;
			remoteGlobalIDString = 935D7E722D37928C00F932C0;
			remoteInfo = "ssid-resolver-ios";
		};
		935D7E8E2D37928D00F932C0 /* PBXContainerItemProxy */ = {
			isa = PBXContainerItemProxy;
			containerPortal = 935D7E6B2D37928C00F932C0 /* Project object */;
			proxyType = 1;
			remoteGlobalIDString = 935D7E722D37928C00F932C0;
			remoteInfo = "ssid-resolver-ios";
		};
/* End PBXContainerItemProxy section */

/* Begin PBXFileReference section */
		935D7E732D37928C00F932C0 /* ssid-resolver-ios.app */ = {isa = PBXFileReference; explicitFileType = wrapper.application; includeInIndex = 0; path = "ssid-resolver-ios.app"; sourceTree = BUILT_PRODUCTS_DIR; };
		935D7E832D37928D00F932C0 /* ssid-resolver-iosTests.xctest */ = {isa = PBXFileReference; explicitFileType = wrapper.cfbundle; includeInIndex = 0; path = "ssid-resolver-iosTests.xctest"; sourceTree = BUILT_PRODUCTS_DIR; };
		935D7E8D2D37928D00F932C0 /* ssid-resolver-iosUITests.xctest */ = {isa = PBXFileReference; explicitFileType = wrapper.cfbundle; includeInIndex = 0; path = "ssid-resolver-iosUITests.xctest"; sourceTree = BUILT_PRODUCTS_DIR; };
/* End PBXFileReference section */

/* Begin PBXFileSystemSynchronizedRootGroup section */
		935D7E752D37928C00F932C0 /* ssid-resolver-ios */ = {
			isa = PBXFileSystemSynchronizedRootGroup;
			path = "ssid-resolver-ios";
			sourceTree = "<group>";
		};
		935D7E862D37928D00F932C0 /* ssid-resolver-iosTests */ = {
			isa = PBXFileSystemSynchronizedRootGroup;
			path = "ssid-resolver-iosTests";
			sourceTree = "<group>";
		};
		935D7E902D37928D00F932C0 /* ssid-resolver-iosUITests */ = {
			isa = PBXFileSystemSynchronizedRootGroup;
			path = "ssid-resolver-iosUITests";
			sourceTree = "<group>";
		};
/* End PBXFileSystemSynchronizedRootGroup section */

/* Begin PBXFrameworksBuildPhase section */
		935D7E702D37928C00F932C0 /* Frameworks */ = {
			isa = PBXFrameworksBuildPhase;
			buildActionMask = 2147483647;
			files = (
			);
			runOnlyForDeploymentPostprocessing = 0;
		};
		935D7E802D37928D00F932C0 /* Frameworks */ = {
			isa = PBXFrameworksBuildPhase;
			buildActionMask = 2147483647;
			files = (
			);
			runOnlyForDeploymentPostprocessing = 0;
		};
		935D7E8A2D37928D00F932C0 /* Frameworks */ = {
			isa = PBXFrameworksBuildPhase;
			buildActionMask = 2147483647;
			files = (
			);
			runOnlyForDeploymentPostprocessing = 0;
		};
/* End PBXFrameworksBuildPhase section */

/* Begin PBXGroup section */
		935D7E6A2D37928C00F932C0 = {
			isa = PBXGroup;
			children = (
				935D7E752D37928C00F932C0 /* ssid-resolver-ios */,
				935D7E862D37928D00F932C0 /* ssid-resolver-iosTests */,
				935D7E902D37928D00F932C0 /* ssid-resolver-iosUITests */,
				935D7E742D37928C00F932C0 /* Products */,
			);
			sourceTree = "<group>";
		};
		935D7E742D37928C00F932C0 /* Products */ = {
			isa = PBXGroup;
			children = (
				935D7E732D37928C00F932C0 /* ssid-resolver-ios.app */,
				935D7E832D37928D00F932C0 /* ssid-resolver-iosTests.xctest */,
				935D7E8D2D37928D00F932C0 /* ssid-resolver-iosUITests.xctest */,
			);
			name = Products;
			sourceTree = "<group>";
		};
/* End PBXGroup section */

/* Begin PBXNativeTarget section */
		935D7E722D37928C00F932C0 /* ssid-resolver-ios */ = {
			isa = PBXNativeTarget;
			buildConfigurationList = 935D7E972D37928D00F932C0 /* Build configuration list for PBXNativeTarget "ssid-resolver-ios" */;
			buildPhases = (
				935D7E6F2D37928C00F932C0 /* Sources */,
				935D7E702D37928C00F932C0 /* Frameworks */,
				935D7E712D37928C00F932C0 /* Resources */,
			);
			buildRules = (
			);
			dependencies = (
			);
			fileSystemSynchronizedGroups = (
				935D7E752D37928C00F932C0 /* ssid-resolver-ios */,
			);
			name = "ssid-resolver-ios";
			packageProductDependencies = (
			);
			productName = "ssid-resolver-ios";
			productReference = 935D7E732D37928C00F932C0 /* ssid-resolver-ios.app */;
			productType = "com.apple.product-type.application";
		};
		935D7E822D37928D00F932C0 /* ssid-resolver-iosTests */ = {
			isa = PBXNativeTarget;
			buildConfigurationList = 935D7E9A2D37928D00F932C0 /* Build configuration list for PBXNativeTarget "ssid-resolver-iosTests" */;
			buildPhases = (
				935D7E7F2D37928D00F932C0 /* Sources */,
				935D7E802D37928D00F932C0 /* Frameworks */,
				935D7E812D37928D00F932C0 /* Resources */,
			);
			buildRules = (
			);
			dependencies = (
				935D7E852D37928D00F932C0 /* PBXTargetDependency */,
			);
			fileSystemSynchronizedGroups = (
				935D7E862D37928D00F932C0 /* ssid-resolver-iosTests */,
			);
			name = "ssid-resolver-iosTests";
			packageProductDependencies = (
			);
			productName = "ssid-resolver-iosTests";
			productReference = 935D7E832D37928D00F932C0 /* ssid-resolver-iosTests.xctest */;
			productType = "com.apple.product-type.bundle.unit-test";
		};
		935D7E8C2D37928D00F932C0 /* ssid-resolver-iosUITests */ = {
			isa = PBXNativeTarget;
			buildConfigurationList = 935D7E9D2D37928D00F932C0 /* Build configuration list for PBXNativeTarget "ssid-resolver-iosUITests" */;
			buildPhases = (
				935D7E892D37928D00F932C0 /* Sources */,
				935D7E8A2D37928D00F932C0 /* Frameworks */,
				935D7E8B2D37928D00F932C0 /* Resources */,
			);
			buildRules = (
			);
			dependencies = (
				935D7E8F2D37928D00F932C0 /* PBXTargetDependency */,
			);
			fileSystemSynchronizedGroups = (
				935D7E902D37928D00F932C0 /* ssid-resolver-iosUITests */,
			);
			name = "ssid-resolver-iosUITests";
			packageProductDependencies = (
			);
			productName = "ssid-resolver-iosUITests";
			productReference = 935D7E8D2D37928D00F932C0 /* ssid-resolver-iosUITests.xctest */;
			productType = "com.apple.product-type.bundle.ui-testing";
		};
/* End PBXNativeTarget section */

/* Begin PBXProject section */
		935D7E6B2D37928C00F932C0 /* Project object */ = {
			isa = PBXProject;
			attributes = {
				BuildIndependentTargetsInParallel = 1;
				LastSwiftUpdateCheck = 1620;
				LastUpgradeCheck = 1620;
				TargetAttributes = {
					935D7E722D37928C00F932C0 = {
						CreatedOnToolsVersion = 16.2;
					};
					935D7E822D37928D00F932C0 = {
						CreatedOnToolsVersion = 16.2;
						TestTargetID = 935D7E722D37928C00F932C0;
					};
					935D7E8C2D37928D00F932C0 = {
						CreatedOnToolsVersion = 16.2;
						TestTargetID = 935D7E722D37928C00F932C0;
					};
				};
			};
			buildConfigurationList = 935D7E6E2D37928C00F932C0 /* Build configuration list for PBXProject "ssid-resolver-ios" */;
			developmentRegion = en;
			hasScannedForEncodings = 0;
			knownRegions = (
				en,
				Base,
			);
			mainGroup = 935D7E6A2D37928C00F932C0;
			minimizedProjectReferenceProxies = 1;
			preferredProjectObjectVersion = 77;
			productRefGroup = 935D7E742D37928C00F932C0 /* Products */;
			projectDirPath = "";
			projectRoot = "";
			targets = (
				935D7E722D37928C00F932C0 /* ssid-resolver-ios */,
				935D7E822D37928D00F932C0 /* ssid-resolver-iosTests */,
				935D7E8C2D37928D00F932C0 /* ssid-resolver-iosUITests */,
			);
		};
/* End PBXProject section */

/* Begin PBXResourcesBuildPhase section */
		935D7E712D37928C00F932C0 /* Resources */ = {
			isa = PBXResourcesBuildPhase;
			buildActionMask = 2147483647;
			files = (
			);
			runOnlyForDeploymentPostprocessing = 0;
		};
		935D7E812D37928D00F932C0 /* Resources */ = {
			isa = PBXResourcesBuildPhase;
			buildActionMask = 2147483647;
			files = (
			);
			runOnlyForDeploymentPostprocessing = 0;
		};
		935D7E8B2D37928D00F932C0 /* Resources */ = {
			isa = PBXResourcesBuildPhase;
			buildActionMask = 2147483647;
			files = (
			);
			runOnlyForDeploymentPostprocessing = 0;
		};
/* End PBXResourcesBuildPhase section */

/* Begin PBXSourcesBuildPhase section */
		935D7E6F2D37928C00F932C0 /* Sources */ = {
			isa = PBXSourcesBuildPhase;
			buildActionMask = 2147483647;
			files = (
			);
			runOnlyForDeploymentPostprocessing = 0;
		};
		935D7E7F2D37928D00F932C0 /* Sources */ = {
			isa = PBXSourcesBuildPhase;
			buildActionMask = 2147483647;
			files = (
			);
			runOnlyForDeploymentPostprocessing = 0;
		};
		935D7E892D37928D00F932C0 /* Sources */ = {
			isa = PBXSourcesBuildPhase;
			buildActionMask = 2147483647;
			files = (
			);
			runOnlyForDeploymentPostprocessing = 0;
		};
/* End PBXSourcesBuildPhase section */

/* Begin PBXTargetDependency section */
		935D7E852D37928D00F932C0 /* PBXTargetDependency */ = {
			isa = PBXTargetDependency;
			target = 935D7E722D37928C00F932C0 /* ssid-resolver-ios */;
			targetProxy = 935D7E842D37928D00F932C0 /* PBXContainerItemProxy */;
		};
		935D7E8F2D37928D00F932C0 /* PBXTargetDependency */ = {
			isa = PBXTargetDependency;
			target = 935D7E722D37928C00F932C0 /* ssid-resolver-ios */;
			targetProxy = 935D7E8E2D37928D00F932C0 /* PBXContainerItemProxy */;
		};
/* End PBXTargetDependency section */

/* Begin XCBuildConfiguration section */
		935D7E952D37928D00F932C0 /* Debug */ = {
			isa = XCBuildConfiguration;
			buildSettings = {
				ALWAYS_SEARCH_USER_PATHS = NO;
				ASSETCATALOG_COMPILER_GENERATE_SWIFT_ASSET_SYMBOL_EXTENSIONS = YES;
				CLANG_ANALYZER_NONNULL = YES;
				CLANG_ANALYZER_NUMBER_OBJECT_CONVERSION = YES_AGGRESSIVE;
				CLANG_CXX_LANGUAGE_STANDARD = "gnu++20";
				CLANG_ENABLE_MODULES = YES;
				CLANG_ENABLE_OBJC_ARC = YES;
				CLANG_ENABLE_OBJC_WEAK = YES;
				CLANG_WARN_BLOCK_CAPTURE_AUTORELEASING = YES;
				CLANG_WARN_BOOL_CONVERSION = YES;
				CLANG_WARN_COMMA = YES;
				CLANG_WARN_CONSTANT_CONVERSION = YES;
				CLANG_WARN_DEPRECATED_OBJC_IMPLEMENTATIONS = YES;
				CLANG_WARN_DIRECT_OBJC_ISA_USAGE = YES_ERROR;
				CLANG_WARN_DOCUMENTATION_COMMENTS = YES;
				CLANG_WARN_EMPTY_BODY = YES;
				CLANG_WARN_ENUM_CONVERSION = YES;
				CLANG_WARN_INFINITE_RECURSION = YES;
				CLANG_WARN_INT_CONVERSION = YES;
				CLANG_WARN_NON_LITERAL_NULL_CONVERSION = YES;
				CLANG_WARN_OBJC_IMPLICIT_RETAIN_SELF = YES;
				CLANG_WARN_OBJC_LITERAL_CONVERSION = YES;
				CLANG_WARN_OBJC_ROOT_CLASS = YES_ERROR;
				CLANG_WARN_QUOTED_INCLUDE_IN_FRAMEWORK_HEADER = YES;
				CLANG_WARN_RANGE_LOOP_ANALYSIS = YES;
				CLANG_WARN_STRICT_PROTOTYPES = YES;
				CLANG_WARN_SUSPICIOUS_MOVE = YES;
				CLANG_WARN_UNGUARDED_AVAILABILITY = YES_AGGRESSIVE;
				CLANG_WARN_UNREACHABLE_CODE = YES;
				CLANG_WARN__DUPLICATE_METHOD_MATCH = YES;
				COPY_PHASE_STRIP = NO;
				DEBUG_INFORMATION_FORMAT = dwarf;
				ENABLE_STRICT_OBJC_MSGSEND = YES;
				ENABLE_TESTABILITY = YES;
				ENABLE_USER_SCRIPT_SANDBOXING = YES;
				GCC_C_LANGUAGE_STANDARD = gnu17;
				GCC_DYNAMIC_NO_PIC = NO;
				GCC_NO_COMMON_BLOCKS = YES;
				GCC_OPTIMIZATION_LEVEL = 0;
				GCC_PREPROCESSOR_DEFINITIONS = (
					"DEBUG=1",
					"$(inherited)",
				);
				GCC_WARN_64_TO_32_BIT_CONVERSION = YES;
				GCC_WARN_ABOUT_RETURN_TYPE = YES_ERROR;
				GCC_WARN_UNDECLARED_SELECTOR = YES;
				GCC_WARN_UNINITIALIZED_AUTOS = YES_AGGRESSIVE;
				GCC_WARN_UNUSED_FUNCTION = YES;
				GCC_WARN_UNUSED_VARIABLE = YES;
				IPHONEOS_DEPLOYMENT_TARGET = 18.2;
				LOCALIZATION_PREFERS_STRING_CATALOGS = YES;
				MTL_ENABLE_DEBUG_INFO = INCLUDE_SOURCE;
				MTL_FAST_MATH = YES;
				ONLY_ACTIVE_ARCH = YES;
				SDKROOT = iphoneos;
				SWIFT_ACTIVE_COMPILATION_CONDITIONS = "DEBUG $(inherited)";
				SWIFT_OPTIMIZATION_LEVEL = "-Onone";
			};
			name = Debug;
		};
		935D7E962D37928D00F932C0 /* Release */ = {
			isa = XCBuildConfiguration;
			buildSettings = {
				ALWAYS_SEARCH_USER_PATHS = NO;
				ASSETCATALOG_COMPILER_GENERATE_SWIFT_ASSET_SYMBOL_EXTENSIONS = YES;
				CLANG_ANALYZER_NONNULL = YES;
				CLANG_ANALYZER_NUMBER_OBJECT_CONVERSION = YES_AGGRESSIVE;
				CLANG_CXX_LANGUAGE_STANDARD = "gnu++20";
				CLANG_ENABLE_MODULES = YES;
				CLANG_ENABLE_OBJC_ARC = YES;
				CLANG_ENABLE_OBJC_WEAK = YES;
				CLANG_WARN_BLOCK_CAPTURE_AUTORELEASING = YES;
				CLANG_WARN_BOOL_CONVERSION = YES;
				CLANG_WARN_COMMA = YES;
				CLANG_WARN_CONSTANT_CONVERSION = YES;
				CLANG_WARN_DEPRECATED_OBJC_IMPLEMENTATIONS = YES;
				CLANG_WARN_DIRECT_OBJC_ISA_USAGE = YES_ERROR;
				CLANG_WARN_DOCUMENTATION_COMMENTS = YES;
				CLANG_WARN_EMPTY_BODY = YES;
				CLANG_WARN_ENUM_CONVERSION = YES;
				CLANG_WARN_INFINITE_RECURSION = YES;
				CLANG_WARN_INT_CONVERSION = YES;
				CLANG_WARN_NON_LITERAL_NULL_CONVERSION = YES;
				CLANG_WARN_OBJC_IMPLICIT_RETAIN_SELF = YES;
				CLANG_WARN_OBJC_LITERAL_CONVERSION = YES;
				CLANG_WARN_OBJC_ROOT_CLASS = YES_ERROR;
				CLANG_WARN_QUOTED_INCLUDE_IN_FRAMEWORK_HEADER = YES;
				CLANG_WARN_RANGE_LOOP_ANALYSIS = YES;
				CLANG_WARN_STRICT_PROTOTYPES = YES;
				CLANG_WARN_SUSPICIOUS_MOVE = YES;
				CLANG_WARN_UNGUARDED_AVAILABILITY = YES_AGGRESSIVE;
				CLANG_WARN_UNREACHABLE_CODE = YES;
				CLANG_WARN__DUPLICATE_METHOD_MATCH = YES;
				COPY_PHASE_STRIP = NO;
				DEBUG_INFORMATION_FORMAT = "dwarf-with-dsym";
				ENABLE_NS_ASSERTIONS = NO;
				ENABLE_STRICT_OBJC_MSGSEND = YES;
				ENABLE_USER_SCRIPT_SANDBOXING = YES;
				GCC_C_LANGUAGE_STANDARD = gnu17;
				GCC_NO_COMMON_BLOCKS = YES;
				GCC_WARN_64_TO_32_BIT_CONVERSION = YES;
				GCC_WARN_ABOUT_RETURN_TYPE = YES_ERROR;
				GCC_WARN_UNDECLARED_SELECTOR = YES;
				GCC_WARN_UNINITIALIZED_AUTOS = YES_AGGRESSIVE;
				GCC_WARN_UNUSED_FUNCTION = YES;
				GCC_WARN_UNUSED_VARIABLE = YES;
				IPHONEOS_DEPLOYMENT_TARGET = 18.2;
				LOCALIZATION_PREFERS_STRING_CATALOGS = YES;
				MTL_ENABLE_DEBUG_INFO = NO;
				MTL_FAST_MATH = YES;
				SDKROOT = iphoneos;
				SWIFT_COMPILATION_MODE = wholemodule;
				VALIDATE_PRODUCT = YES;
			};
			name = Release;
		};
		935D7E982D37928D00F932C0 /* Debug */ = {
			isa = XCBuildConfiguration;
			buildSettings = {
				ASSETCATALOG_COMPILER_APPICON_NAME = AppIcon;
				ASSETCATALOG_COMPILER_GLOBAL_ACCENT_COLOR_NAME = AccentColor;
				CODE_SIGN_ENTITLEMENTS = "ssid-resolver-ios/ssid-resolver-ios.entitlements";
				CODE_SIGN_STYLE = Automatic;
				CURRENT_PROJECT_VERSION = 1;
				DEVELOPMENT_ASSET_PATHS = "\"ssid-resolver-ios/Preview Content\"";
				DEVELOPMENT_TEAM = XVYTJ96M8P;
				ENABLE_PREVIEWS = YES;
				GENERATE_INFOPLIST_FILE = YES;
				INFOPLIST_KEY_NSLocationAlwaysAndWhenInUseUsageDescription = "We need your location to resolve the current WiFi SSID.";
				INFOPLIST_KEY_NSLocationWhenInUseUsageDescription = "We need your location to resolve the current WiFi SSID.";
				INFOPLIST_KEY_UIApplicationSceneManifest_Generation = YES;
				INFOPLIST_KEY_UIApplicationSupportsIndirectInputEvents = YES;
				INFOPLIST_KEY_UILaunchScreen_Generation = YES;
				INFOPLIST_KEY_UISupportedInterfaceOrientations_iPad = "UIInterfaceOrientationPortrait UIInterfaceOrientationPortraitUpsideDown UIInterfaceOrientationLandscapeLeft UIInterfaceOrientationLandscapeRight";
				INFOPLIST_KEY_UISupportedInterfaceOrientations_iPhone = "UIInterfaceOrientationPortrait UIInterfaceOrientationLandscapeLeft UIInterfaceOrientationLandscapeRight";
				IPHONEOS_DEPLOYMENT_TARGET = 15.6;
				LD_RUNPATH_SEARCH_PATHS = (
					"$(inherited)",
					"@executable_path/Frameworks",
				);
				MARKETING_VERSION = 1.0;
				PRODUCT_BUNDLE_IDENTIFIER = "com.raoulsson.ssid-resolver-ios";
				PRODUCT_NAME = "$(TARGET_NAME)";
				SWIFT_EMIT_LOC_STRINGS = YES;
				SWIFT_VERSION = 5.0;
				TARGETED_DEVICE_FAMILY = "1,2";
			};
			name = Debug;
		};
		935D7E992D37928D00F932C0 /* Release */ = {
			isa = XCBuildConfiguration;
			buildSettings = {
				ASSETCATALOG_COMPILER_APPICON_NAME = AppIcon;
				ASSETCATALOG_COMPILER_GLOBAL_ACCENT_COLOR_NAME = AccentColor;
				CODE_SIGN_ENTITLEMENTS = "ssid-resolver-ios/ssid-resolver-ios.entitlements";
				CODE_SIGN_STYLE = Automatic;
				CURRENT_PROJECT_VERSION = 1;
				DEVELOPMENT_ASSET_PATHS = "\"ssid-resolver-ios/Preview Content\"";
				DEVELOPMENT_TEAM = XVYTJ96M8P;
				ENABLE_PREVIEWS = YES;
				GENERATE_INFOPLIST_FILE = YES;
				INFOPLIST_KEY_NSLocationAlwaysAndWhenInUseUsageDescription = "We need your location to resolve the current WiFi SSID.";
				INFOPLIST_KEY_NSLocationWhenInUseUsageDescription = "We need your location to resolve the current WiFi SSID.";
				INFOPLIST_KEY_UIApplicationSceneManifest_Generation = YES;
				INFOPLIST_KEY_UIApplicationSupportsIndirectInputEvents = YES;
				INFOPLIST_KEY_UILaunchScreen_Generation = YES;
				INFOPLIST_KEY_UISupportedInterfaceOrientations_iPad = "UIInterfaceOrientationPortrait UIInterfaceOrientationPortraitUpsideDown UIInterfaceOrientationLandscapeLeft UIInterfaceOrientationLandscapeRight";
				INFOPLIST_KEY_UISupportedInterfaceOrientations_iPhone = "UIInterfaceOrientationPortrait UIInterfaceOrientationLandscapeLeft UIInterfaceOrientationLandscapeRight";
				IPHONEOS_DEPLOYMENT_TARGET = 15.6;
				LD_RUNPATH_SEARCH_PATHS = (
					"$(inherited)",
					"@executable_path/Frameworks",
				);
				MARKETING_VERSION = 1.0;
				PRODUCT_BUNDLE_IDENTIFIER = "com.raoulsson.ssid-resolver-ios";
				PRODUCT_NAME = "$(TARGET_NAME)";
				SWIFT_EMIT_LOC_STRINGS = YES;
				SWIFT_VERSION = 5.0;
				TARGETED_DEVICE_FAMILY = "1,2";
			};
			name = Release;
		};
		935D7E9B2D37928D00F932C0 /* Debug */ = {
			isa = XCBuildConfiguration;
			buildSettings = {
				BUNDLE_LOADER = "$(TEST_HOST)";
				CODE_SIGN_STYLE = Automatic;
				CURRENT_PROJECT_VERSION = 1;
				DEVELOPMENT_TEAM = XVYTJ96M8P;
				GENERATE_INFOPLIST_FILE = YES;
				IPHONEOS_DEPLOYMENT_TARGET = 18.2;
				MARKETING_VERSION = 1.0;
				PRODUCT_BUNDLE_IDENTIFIER = "com.raoulsson.ssid-resolver-iosTests";
				PRODUCT_NAME = "$(TARGET_NAME)";
				SWIFT_EMIT_LOC_STRINGS = NO;
				SWIFT_VERSION = 5.0;
				TARGETED_DEVICE_FAMILY = "1,2";
				TEST_HOST = "$(BUILT_PRODUCTS_DIR)/ssid-resolver-ios.app/$(BUNDLE_EXECUTABLE_FOLDER_PATH)/ssid-resolver-ios";
			};
			name = Debug;
		};
		935D7E9C2D37928D00F932C0 /* Release */ = {
			isa = XCBuildConfiguration;
			buildSettings = {
				BUNDLE_LOADER = "$(TEST_HOST)";
				CODE_SIGN_STYLE = Automatic;
				CURRENT_PROJECT_VERSION = 1;
				DEVELOPMENT_TEAM = XVYTJ96M8P;
				GENERATE_INFOPLIST_FILE = YES;
				IPHONEOS_DEPLOYMENT_TARGET = 18.2;
				MARKETING_VERSION = 1.0;
				PRODUCT_BUNDLE_IDENTIFIER = "com.raoulsson.ssid-resolver-iosTests";
				PRODUCT_NAME = "$(TARGET_NAME)";
				SWIFT_EMIT_LOC_STRINGS = NO;
				SWIFT_VERSION = 5.0;
				TARGETED_DEVICE_FAMILY = "1,2";
				TEST_HOST = "$(BUILT_PRODUCTS_DIR)/ssid-resolver-ios.app/$(BUNDLE_EXECUTABLE_FOLDER_PATH)/ssid-resolver-ios";
			};
			name = Release;
		};
		935D7E9E2D37928D00F932C0 /* Debug */ = {
			isa = XCBuildConfiguration;
			buildSettings = {
				CODE_SIGN_STYLE = Automatic;
				CURRENT_PROJECT_VERSION = 1;
				DEVELOPMENT_TEAM = XVYTJ96M8P;
				GENERATE_INFOPLIST_FILE = YES;
				MARKETING_VERSION = 1.0;
				PRODUCT_BUNDLE_IDENTIFIER = "com.raoulsson.ssid-resolver-iosUITests";
				PRODUCT_NAME = "$(TARGET_NAME)";
				SWIFT_EMIT_LOC_STRINGS = NO;
				SWIFT_VERSION = 5.0;
				TARGETED_DEVICE_FAMILY = "1,2";
				TEST_TARGET_NAME = "ssid-resolver-ios";
			};
			name = Debug;
		};
		935D7E9F2D37928D00F932C0 /* Release */ = {
			isa = XCBuildConfiguration;
			buildSettings = {
				CODE_SIGN_STYLE = Automatic;
				CURRENT_PROJECT_VERSION = 1;
				DEVELOPMENT_TEAM = XVYTJ96M8P;
				GENERATE_INFOPLIST_FILE = YES;
				MARKETING_VERSION = 1.0;
				PRODUCT_BUNDLE_IDENTIFIER = "com.raoulsson.ssid-resolver-iosUITests";
				PRODUCT_NAME = "$(TARGET_NAME)";
				SWIFT_EMIT_LOC_STRINGS = NO;
				SWIFT_VERSION = 5.0;
				TARGETED_DEVICE_FAMILY = "1,2";
				TEST_TARGET_NAME = "ssid-resolver-ios";
			};
			name = Release;
		};
/* End XCBuildConfiguration section */

/* Begin XCConfigurationList section */
		935D7E6E2D37928C00F932C0 /* Build configuration list for PBXProject "ssid-resolver-ios" */ = {
			isa = XCConfigurationList;
			buildConfigurations = (
				935D7E952D37928D00F932C0 /* Debug */,
				935D7E962D37928D00F932C0 /* Release */,
			);
			defaultConfigurationIsVisible = 0;
			defaultConfigurationName = Release;
		};
		935D7E972D37928D00F932C0 /* Build configuration list for PBXNativeTarget "ssid-resolver-ios" */ = {
			isa = XCConfigurationList;
			buildConfigurations = (
				935D7E982D37928D00F932C0 /* Debug */,
				935D7E992D37928D00F932C0 /* Release */,
			);
			defaultConfigurationIsVisible = 0;
			defaultConfigurationName = Release;
		};
		935D7E9A2D37928D00F932C0 /* Build configuration list for PBXNativeTarget "ssid-resolver-iosTests" */ = {
			isa = XCConfigurationList;
			buildConfigurations = (
				935D7E9B2D37928D00F932C0 /* Debug */,
				935D7E9C2D37928D00F932C0 /* Release */,
			);
			defaultConfigurationIsVisible = 0;
			defaultConfigurationName = Release;
		};
		935D7E9D2D37928D00F932C0 /* Build configuration list for PBXNativeTarget "ssid-resolver-iosUITests" */ = {
			isa = XCConfigurationList;
			buildConfigurations = (
				935D7E9E2D37928D00F932C0 /* Debug */,
				935D7E9F2D37928D00F932C0 /* Release */,
			);
			defaultConfigurationIsVisible = 0;
			defaultConfigurationName = Release;
		};
/* End XCConfigurationList section */
	};
	rootObject = 935D7E6B2D37928C00F932C0 /* Project object */;
}
